
Microsoft Visual Studio Solution File, Format Version 12.00
# Visual Studio Version 17
VisualStudioVersion = 17.0.32014.148
MinimumVisualStudioVersion = 10.0.40219.1
Project("{9A19103F-16F7-4668-BE54-9A1E7A4F7556}") = "RSG.Core", "RSG.Core\RSG.Core.csproj", "{A83CEE72-300A-477B-9189-E744AC86E1FE}"
EndProject
Project("{9A19103F-16F7-4668-BE54-9A1E7A4F7556}") = "RSG.View", "RSG.View\RSG.View.csproj", "{6A961048-1B93-472F-9103-490CFE66F734}"
EndProject
Project("{2150E333-8FDC-42A3-9474-1A3956D46DE8}") = "Solution Items", "Solution Items", "{8B8397BF-311D-4509-A7E6-B7A7678A0C35}"
	ProjectSection(SolutionItems) = preProject
		.editorconfig = .editorconfig
	EndProjectSection
EndProject
Project("{9A19103F-16F7-4668-BE54-9A1E7A4F7556}") = "RSG.Core.Tests.Unit", "RSG.Core.Tests.Unit\RSG.Core.Tests.Unit.csproj", "{1EB2167D-4727-405F-B4DD-762A26086801}"
EndProject
Global
	GlobalSection(SolutionConfigurationPlatforms) = preSolution
		Debug|Any CPU = Debug|Any CPU
		Release|Any CPU = Release|Any CPU
	EndGlobalSection
	GlobalSection(ProjectConfigurationPlatforms) = postSolution
		{A83CEE72-300A-477B-9189-E744AC86E1FE}.Debug|Any CPU.ActiveCfg = Debug|Any CPU
		{A83CEE72-300A-477B-9189-E744AC86E1FE}.Debug|Any CPU.Build.0 = Debug|Any CPU
		{A83CEE72-300A-477B-9189-E744AC86E1FE}.Release|Any CPU.ActiveCfg = Release|Any CPU
		{A83CEE72-300A-477B-9189-E744AC86E1FE}.Release|Any CPU.Build.0 = Release|Any CPU
		{6A961048-1B93-472F-9103-490CFE66F734}.Debug|Any CPU.ActiveCfg = Debug|Any CPU
		{6A961048-1B93-472F-9103-490CFE66F734}.Debug|Any CPU.Build.0 = Debug|Any CPU
		{6A961048-1B93-472F-9103-490CFE66F734}.Release|Any CPU.ActiveCfg = Release|Any CPU
		{6A961048-1B93-472F-9103-490CFE66F734}.Release|Any CPU.Build.0 = Release|Any CPU
		{1EB2167D-4727-405F-B4DD-762A26086801}.Debug|Any CPU.ActiveCfg = Debug|Any CPU
		{1EB2167D-4727-405F-B4DD-762A26086801}.Debug|Any CPU.Build.0 = Debug|Any CPU
		{1EB2167D-4727-405F-B4DD-762A26086801}.Release|Any CPU.ActiveCfg = Release|Any CPU
	EndGlobalSection
	GlobalSection(SolutionProperties) = preSolution
		HideSolutionNode = FALSE
	EndGlobalSection
	GlobalSection(ExtensibilityGlobals) = postSolution
		SolutionGuid = {31596EDD-0318-46C1-BBA5-14B4F26383A8}
	EndGlobalSection
EndGlobal
