
Microsoft Visual Studio Solution File, Format Version 12.00
# Visual Studio Version 17
VisualStudioVersion = 17.0.32014.148
MinimumVisualStudioVersion = 10.0.40219.1
Project("{2150E333-8FDC-42A3-9474-1A3956D46DE8}") = "Solution Items", "Solution Items", "{8B8397BF-311D-4509-A7E6-B7A7678A0C35}"
	ProjectSection(SolutionItems) = preProject
		.editorconfig = .editorconfig
	EndProjectSection
EndProject
Project("{9A19103F-16F7-4668-BE54-9A1E7A4F7556}") = "RSG.Tests", "tests\RSG.Tests\RSG.Tests.csproj", "{91B40C8B-3F05-4646-9D37-23FF6D6D824B}"
EndProject
Project("{9A19103F-16F7-4668-BE54-9A1E7A4F7556}") = "RSG", "src\RSG\RSG.csproj", "{4A45ED38-5514-42C5-B594-E67BA0472261}"
EndProject
Project("{FAE04EC0-301F-11D3-BF4B-00C04F79EFBC}") = "RSG.Cli", "src\RSG.Cli\RSG.Cli.csproj", "{992BA2BB-2193-468B-B1AC-B98974549FC4}"
EndProject
Global
	GlobalSection(SolutionConfigurationPlatforms) = preSolution
		Debug|Any CPU = Debug|Any CPU
		Release|Any CPU = Release|Any CPU
	EndGlobalSection
	GlobalSection(ProjectConfigurationPlatforms) = postSolution
		{91B40C8B-3F05-4646-9D37-23FF6D6D824B}.Debug|Any CPU.ActiveCfg = Debug|Any CPU
		{91B40C8B-3F05-4646-9D37-23FF6D6D824B}.Debug|Any CPU.Build.0 = Debug|Any CPU
		{91B40C8B-3F05-4646-9D37-23FF6D6D824B}.Release|Any CPU.ActiveCfg = Release|Any CPU
		{91B40C8B-3F05-4646-9D37-23FF6D6D824B}.Release|Any CPU.Build.0 = Release|Any CPU
		{4A45ED38-5514-42C5-B594-E67BA0472261}.Debug|Any CPU.ActiveCfg = Debug|Any CPU
		{4A45ED38-5514-42C5-B594-E67BA0472261}.Debug|Any CPU.Build.0 = Debug|Any CPU
		{4A45ED38-5514-42C5-B594-E67BA0472261}.Release|Any CPU.ActiveCfg = Release|Any CPU
		{4A45ED38-5514-42C5-B594-E67BA0472261}.Release|Any CPU.Build.0 = Release|Any CPU
		{992BA2BB-2193-468B-B1AC-B98974549FC4}.Debug|Any CPU.ActiveCfg = Debug|Any CPU
		{992BA2BB-2193-468B-B1AC-B98974549FC4}.Debug|Any CPU.Build.0 = Debug|Any CPU
		{992BA2BB-2193-468B-B1AC-B98974549FC4}.Release|Any CPU.ActiveCfg = Release|Any CPU
		{992BA2BB-2193-468B-B1AC-B98974549FC4}.Release|Any CPU.Build.0 = Release|Any CPU
	EndGlobalSection
	GlobalSection(SolutionProperties) = preSolution
		HideSolutionNode = FALSE
	EndGlobalSection
	GlobalSection(ExtensibilityGlobals) = postSolution
		SolutionGuid = {31596EDD-0318-46C1-BBA5-14B4F26383A8}
	EndGlobalSection
EndGlobal
